
Microsoft Visual Studio Solution File, Format Version 12.00
# Visual Studio 15
VisualStudioVersion = 15.0.26430.16
MinimumVisualStudioVersion = 10.0.40219.1
Project("{D954291E-2A0B-460D-934E-DC6B0785DB48}") = "XamarinApp", "XamarinApp\XamarinApp\XamarinApp.shproj", "{7B6F98FC-501E-4D6B-A053-9B962B0F0342}"
EndProject
Project("{FAE04EC0-301F-11D3-BF4B-00C04F79EFBC}") = "XamarinApp.Android", "XamarinApp\XamarinApp.Android\XamarinApp.Android.csproj", "{EB0815E2-56E5-4E89-8AD2-26ECCBC06F94}"
EndProject
Project("{FAE04EC0-301F-11D3-BF4B-00C04F79EFBC}") = "XamarinApp.iOS", "XamarinApp\XamarinApp.iOS\XamarinApp.iOS.csproj", "{53EFC556-6696-4606-84BE-F0765A2E2BFB}"
EndProject
Project("{FAE04EC0-301F-11D3-BF4B-00C04F79EFBC}") = "XamarinApp.UWP", "XamarinApp\XamarinApp.UWP\XamarinApp.UWP.csproj", "{842222FF-6186-4C57-8C88-1732D99B3F18}"
EndProject
Global
	GlobalSection(SharedMSBuildProjectFiles) = preSolution
		XamarinApp\XamarinApp\XamarinApp.projitems*{53efc556-6696-4606-84be-f0765a2e2bfb}*SharedItemsImports = 4
		XamarinApp\XamarinApp\XamarinApp.projitems*{7b6f98fc-501e-4d6b-a053-9b962b0f0342}*SharedItemsImports = 13
	EndGlobalSection
	GlobalSection(SolutionConfigurationPlatforms) = preSolution
		Debug|Any CPU = Debug|Any CPU
		Debug|ARM = Debug|ARM
		Debug|iPhone = Debug|iPhone
		Debug|iPhoneSimulator = Debug|iPhoneSimulator
		Debug|x64 = Debug|x64
		Debug|x86 = Debug|x86
		Release|Any CPU = Release|Any CPU
		Release|ARM = Release|ARM
		Release|iPhone = Release|iPhone
		Release|iPhoneSimulator = Release|iPhoneSimulator
		Release|x64 = Release|x64
		Release|x86 = Release|x86
	EndGlobalSection
	GlobalSection(ProjectConfigurationPlatforms) = postSolution
		{EB0815E2-56E5-4E89-8AD2-26ECCBC06F94}.Debug|Any CPU.ActiveCfg = Debug|Any CPU
		{EB0815E2-56E5-4E89-8AD2-26ECCBC06F94}.Debug|Any CPU.Build.0 = Debug|Any CPU
		{EB0815E2-56E5-4E89-8AD2-26ECCBC06F94}.Debug|Any CPU.Deploy.0 = Debug|Any CPU
		{EB0815E2-56E5-4E89-8AD2-26ECCBC06F94}.Debug|ARM.ActiveCfg = Debug|Any CPU
		{EB0815E2-56E5-4E89-8AD2-26ECCBC06F94}.Debug|ARM.Build.0 = Debug|Any CPU
		{EB0815E2-56E5-4E89-8AD2-26ECCBC06F94}.Debug|ARM.Deploy.0 = Debug|Any CPU
		{EB0815E2-56E5-4E89-8AD2-26ECCBC06F94}.Debug|iPhone.ActiveCfg = Debug|Any CPU
		{EB0815E2-56E5-4E89-8AD2-26ECCBC06F94}.Debug|iPhone.Build.0 = Debug|Any CPU
		{EB0815E2-56E5-4E89-8AD2-26ECCBC06F94}.Debug|iPhone.Deploy.0 = Debug|Any CPU
		{EB0815E2-56E5-4E89-8AD2-26ECCBC06F94}.Debug|iPhoneSimulator.ActiveCfg = Debug|Any CPU
		{EB0815E2-56E5-4E89-8AD2-26ECCBC06F94}.Debug|iPhoneSimulator.Build.0 = Debug|Any CPU
		{EB0815E2-56E5-4E89-8AD2-26ECCBC06F94}.Debug|iPhoneSimulator.Deploy.0 = Debug|Any CPU
		{EB0815E2-56E5-4E89-8AD2-26ECCBC06F94}.Debug|x64.ActiveCfg = Debug|Any CPU
		{EB0815E2-56E5-4E89-8AD2-26ECCBC06F94}.Debug|x64.Build.0 = Debug|Any CPU
		{EB0815E2-56E5-4E89-8AD2-26ECCBC06F94}.Debug|x64.Deploy.0 = Debug|Any CPU
		{EB0815E2-56E5-4E89-8AD2-26ECCBC06F94}.Debug|x86.ActiveCfg = Debug|Any CPU
		{EB0815E2-56E5-4E89-8AD2-26ECCBC06F94}.Debug|x86.Build.0 = Debug|Any CPU
		{EB0815E2-56E5-4E89-8AD2-26ECCBC06F94}.Debug|x86.Deploy.0 = Debug|Any CPU
		{EB0815E2-56E5-4E89-8AD2-26ECCBC06F94}.Release|Any CPU.ActiveCfg = Release|Any CPU
		{EB0815E2-56E5-4E89-8AD2-26ECCBC06F94}.Release|Any CPU.Build.0 = Release|Any CPU
		{EB0815E2-56E5-4E89-8AD2-26ECCBC06F94}.Release|Any CPU.Deploy.0 = Release|Any CPU
		{EB0815E2-56E5-4E89-8AD2-26ECCBC06F94}.Release|ARM.ActiveCfg = Release|Any CPU
		{EB0815E2-56E5-4E89-8AD2-26ECCBC06F94}.Release|ARM.Build.0 = Release|Any CPU
		{EB0815E2-56E5-4E89-8AD2-26ECCBC06F94}.Release|ARM.Deploy.0 = Release|Any CPU
		{EB0815E2-56E5-4E89-8AD2-26ECCBC06F94}.Release|iPhone.ActiveCfg = Release|Any CPU
		{EB0815E2-56E5-4E89-8AD2-26ECCBC06F94}.Release|iPhone.Build.0 = Release|Any CPU
		{EB0815E2-56E5-4E89-8AD2-26ECCBC06F94}.Release|iPhone.Deploy.0 = Release|Any CPU
		{EB0815E2-56E5-4E89-8AD2-26ECCBC06F94}.Release|iPhoneSimulator.ActiveCfg = Release|Any CPU
		{EB0815E2-56E5-4E89-8AD2-26ECCBC06F94}.Release|iPhoneSimulator.Build.0 = Release|Any CPU
		{EB0815E2-56E5-4E89-8AD2-26ECCBC06F94}.Release|iPhoneSimulator.Deploy.0 = Release|Any CPU
		{EB0815E2-56E5-4E89-8AD2-26ECCBC06F94}.Release|x64.ActiveCfg = Release|Any CPU
		{EB0815E2-56E5-4E89-8AD2-26ECCBC06F94}.Release|x64.Build.0 = Release|Any CPU
		{EB0815E2-56E5-4E89-8AD2-26ECCBC06F94}.Release|x64.Deploy.0 = Release|Any CPU
		{EB0815E2-56E5-4E89-8AD2-26ECCBC06F94}.Release|x86.ActiveCfg = Release|Any CPU
		{EB0815E2-56E5-4E89-8AD2-26ECCBC06F94}.Release|x86.Build.0 = Release|Any CPU
		{EB0815E2-56E5-4E89-8AD2-26ECCBC06F94}.Release|x86.Deploy.0 = Release|Any CPU
		{53EFC556-6696-4606-84BE-F0765A2E2BFB}.Debug|Any CPU.ActiveCfg = Debug|iPhone
		{53EFC556-6696-4606-84BE-F0765A2E2BFB}.Debug|ARM.ActiveCfg = Debug|iPhone
		{53EFC556-6696-4606-84BE-F0765A2E2BFB}.Debug|iPhone.ActiveCfg = Debug|iPhone
		{53EFC556-6696-4606-84BE-F0765A2E2BFB}.Debug|iPhone.Build.0 = Debug|iPhone
		{53EFC556-6696-4606-84BE-F0765A2E2BFB}.Debug|iPhoneSimulator.ActiveCfg = Debug|iPhoneSimulator
		{53EFC556-6696-4606-84BE-F0765A2E2BFB}.Debug|iPhoneSimulator.Build.0 = Debug|iPhoneSimulator
		{53EFC556-6696-4606-84BE-F0765A2E2BFB}.Debug|x64.ActiveCfg = Debug|iPhone
		{53EFC556-6696-4606-84BE-F0765A2E2BFB}.Debug|x86.ActiveCfg = Debug|iPhone
		{53EFC556-6696-4606-84BE-F0765A2E2BFB}.Release|Any CPU.ActiveCfg = Release|iPhone
		{53EFC556-6696-4606-84BE-F0765A2E2BFB}.Release|ARM.ActiveCfg = Release|iPhone
		{53EFC556-6696-4606-84BE-F0765A2E2BFB}.Release|iPhone.ActiveCfg = Release|iPhone
		{53EFC556-6696-4606-84BE-F0765A2E2BFB}.Release|iPhone.Build.0 = Release|iPhone
		{53EFC556-6696-4606-84BE-F0765A2E2BFB}.Release|iPhoneSimulator.ActiveCfg = Release|iPhoneSimulator
		{53EFC556-6696-4606-84BE-F0765A2E2BFB}.Release|iPhoneSimulator.Build.0 = Release|iPhoneSimulator
		{53EFC556-6696-4606-84BE-F0765A2E2BFB}.Release|x64.ActiveCfg = Release|iPhone
		{53EFC556-6696-4606-84BE-F0765A2E2BFB}.Release|x86.ActiveCfg = Release|iPhone
		{842222FF-6186-4C57-8C88-1732D99B3F18}.Debug|Any CPU.ActiveCfg = Debug|x86
		{842222FF-6186-4C57-8C88-1732D99B3F18}.Debug|ARM.ActiveCfg = Debug|ARM
		{842222FF-6186-4C57-8C88-1732D99B3F18}.Debug|ARM.Build.0 = Debug|ARM
		{842222FF-6186-4C57-8C88-1732D99B3F18}.Debug|ARM.Deploy.0 = Debug|ARM
		{842222FF-6186-4C57-8C88-1732D99B3F18}.Debug|iPhone.ActiveCfg = Debug|x86
		{842222FF-6186-4C57-8C88-1732D99B3F18}.Debug|iPhoneSimulator.ActiveCfg = Debug|x86
		{842222FF-6186-4C57-8C88-1732D99B3F18}.Debug|x64.ActiveCfg = Debug|x64
		{842222FF-6186-4C57-8C88-1732D99B3F18}.Debug|x64.Build.0 = Debug|x64
		{842222FF-6186-4C57-8C88-1732D99B3F18}.Debug|x64.Deploy.0 = Debug|x64
		{842222FF-6186-4C57-8C88-1732D99B3F18}.Debug|x86.ActiveCfg = Debug|x86
		{842222FF-6186-4C57-8C88-1732D99B3F18}.Debug|x86.Build.0 = Debug|x86
		{842222FF-6186-4C57-8C88-1732D99B3F18}.Debug|x86.Deploy.0 = Debug|x86
		{842222FF-6186-4C57-8C88-1732D99B3F18}.Release|Any CPU.ActiveCfg = Release|x86
		{842222FF-6186-4C57-8C88-1732D99B3F18}.Release|ARM.ActiveCfg = Release|ARM
		{842222FF-6186-4C57-8C88-1732D99B3F18}.Release|ARM.Build.0 = Release|ARM
		{842222FF-6186-4C57-8C88-1732D99B3F18}.Release|ARM.Deploy.0 = Release|ARM
		{842222FF-6186-4C57-8C88-1732D99B3F18}.Release|iPhone.ActiveCfg = Release|x86
		{842222FF-6186-4C57-8C88-1732D99B3F18}.Release|iPhoneSimulator.ActiveCfg = Release|x86
		{842222FF-6186-4C57-8C88-1732D99B3F18}.Release|x64.ActiveCfg = Release|x64
		{842222FF-6186-4C57-8C88-1732D99B3F18}.Release|x64.Build.0 = Release|x64
		{842222FF-6186-4C57-8C88-1732D99B3F18}.Release|x64.Deploy.0 = Release|x64
		{842222FF-6186-4C57-8C88-1732D99B3F18}.Release|x86.ActiveCfg = Release|x86
		{842222FF-6186-4C57-8C88-1732D99B3F18}.Release|x86.Build.0 = Release|x86
		{842222FF-6186-4C57-8C88-1732D99B3F18}.Release|x86.Deploy.0 = Release|x86
	EndGlobalSection
	GlobalSection(SolutionProperties) = preSolution
		HideSolutionNode = FALSE
	EndGlobalSection
EndGlobal
